version = 1
revision = 3
requires-python = "==3.14.4"

[[package]]
name = "annotated-types"
version = "0.8.0"
source = { registry = "https://pypi.org/simple" }
sdist = { url = "https://files.pythonhosted.org/packages/5f/56/a8120250d128bed162cd73c76d45f6ef9991f3e068f62a8ee060afa3104a/annotated_types-0.8.0.tar.gz", hash = "sha256:13b2beaad985e05e2d6407ee4c4f35590b11f8d693a258a561055cac8f64cab7", size = 15893, upload-time = "2026-07-23T20:16:13.995Z" }
wheels = [
    { url = "https://files.pythonhosted.org/packages/99/91/8acff4f5e50511b911bbccb72b8628a49c68ce14148cd9f6431094859a90/annotated_types-0.8.0-py3-none-any.whl", hash = "sha256:f072f4d804ea359e4eaf198b1af7a8b0943881a87f31bb764f8bf219bb9419e0", size = 13427, upload-time = "2026-07-23T20:16:12.938Z" },
]

[[package]]
name = "librarianlm-i18n"
version = "0.1.0"
source = { editable = "." }
dependencies = [
    { name = "lxml" },
    { name = "pydantic" },
]

[package.metadata]
requires-dist = [
    { name = "lxml", specifier = "==6.1.2" },
    { name = "pydantic", specifier = "==2.13.4" },
]

[[package]]
name = "lxml"
version = "6.1.2"
source = { registry = "https://pypi.org/simple" }
sdist = { url = "https://files.pythonhosted.org/packages/ad/a9/970b8fa0ecc4fbf1dfaed0d89bbc1fc1421b25ec26a2038c91e872dc6c8e/lxml-6.1.2.tar.gz", hash = "sha256:1055241852f2b02068af4a625a5d32c087db193c12251928af2562ecd2239f18", size = 4210626, upload-time = "2026-08-19T04:58:15.341Z" }
wheels = [
    { url = "https://files.pythonhosted.org/packages/27/b5/728b0578791b397ace8d1b101c8b3fe10f36043542f7bb85f82d8bdc3f50/lxml-6.1.2-cp314-cp314-macosx_10_15_universal2.whl", hash = "sha256:d50a44113fe6800dcc8a859332b823a4735b1e6ae1b0063882e4cca569ec3e29", size = 8609651, upload-time = "2026-08-19T04:58:42.42Z" },
    { url = "https://files.pythonhosted.org/packages/3c/6b/49209fa6225c15c48a30061f03d3aba75e3c19634813b88bf83b88c525ed/lxml-6.1.2-cp314-cp314-macosx_10_15_x86_64.whl", hash = "sha256:fa813b0247d0543a563b993ac3dba6168eef59e3a61448432cf5453300c2412b", size = 4639588, upload-time = "2026-08-19T04:59:01.501Z" },
    { url = "https://files.pythonhosted.org/packages/20/86/80bae4e8bc2eed9d6f017701a3d86fdea56936218efa738911d0b76aa7f4/lxml-6.1.2-cp314-cp314-manylinux2014_aarch64.manylinux_2_17_aarch64.whl", hash = "sha256:d858e718b94033ab4b67e4a58fe3114c65bae01ae2314a62fb39ae8897ed4324", size = 4964846, upload-time = "2026-08-19T04:59:08.59Z" },
    { url = "https://files.pythonhosted.org/packages/70/ce/4782caee7a22959c1ac67cb46495e03912c22a4ba7d20c163496a519e815/lxml-6.1.2-cp314-cp314-manylinux2014_x86_64.manylinux_2_17_x86_64.whl", hash = "sha256:3e3b666f57a5d81562f38c766c762416b0f6eb58a00590546911514b48412abd", size = 5099288, upload-time = "2026-08-19T04:59:18.649Z" },
    { url = "https://files.pythonhosted.org/packages/32/21/f120967cc43b54e05512dff0c39726b832c836195d30f41f88733ef36ac8/lxml-6.1.2-cp314-cp314-manylinux_2_26_aarch64.manylinux_2_28_aarch64.whl", hash = "sha256:26ff164c6629e5c4d11c9e55d5ea3d6eed0be2a420eee1f55cbce6e2c23e231a", size = 5036837, upload-time = "2026-08-19T04:59:47.217Z" },
    { url = "https://files.pythonhosted.org/packages/61/ba/8005e9f47598e3ec5c18312c77f94e889580027616678848405c6aeba5de/lxml-6.1.2-cp314-cp314-manylinux_2_26_ppc64le.manylinux_2_28_ppc64le.whl", hash = "sha256:962c12b51d0b164f12569af225dea57568477e24a845b96eaccbef6c07e4cc03", size = 5658569, upload-time = "2026-08-19T04:59:54.078Z" },
    { url = "https://files.pythonhosted.org/packages/6a/ba/add33b3c7ce51462cf7a4637bcfec2eaa258364d6015b989dd7d1216e6a6/lxml-6.1.2-cp314-cp314-manylinux_2_26_x86_64.manylinux_2_28_x86_64.whl", hash = "sha256:47e367dfe341521426692819803e260d0673899c0ff611f14af978d725e2c999", size = 5246003, upload-time = "2026-08-19T04:59:59.764Z" },
    { url = "https://files.pythonhosted.org/packages/05/b3/a43012748fb861c914c5eac1c1a3bad44282e767499cd02280d4d1edf092/lxml-6.1.2-cp314-cp314-manylinux_2_28_i686.whl", hash = "sha256:92c2b366028ac01e90399e6d17734ce6e4f4aeddd8ba75fbaf80ea11d6c6d645", size = 5354047, upload-time = "2026-08-19T05:00:21.657Z" },
    { url = "https://files.pythonhosted.org/packages/8b/cb/813021d9a445713b8d758b9e5eae2ed392cd598d9f119d9b053b37c2ab93/lxml-6.1.2-cp314-cp314-manylinux_2_31_armv7l.whl", hash = "sha256:7e81fc065ede5d58dd0bf0912025aee1bd04c52c2affd61fdb93226a97ce2fc6", size = 4704382, upload-time = "2026-08-19T05:00:47.067Z" },
    { url = "https://files.pythonhosted.org/packages/17/c9/1155299f4577bebf3c280497534a73e4b8ad8cab3b96074731ad10949d4e/lxml-6.1.2-cp314-cp314-manylinux_2_38_riscv64.manylinux_2_39_riscv64.whl", hash = "sha256:633ac039cb32366dd5935868e041e385875c017b8cd54ea56aeee3fe29ca5935", size = 5258530, upload-time = "2026-08-19T05:01:14.893Z" },
    { url = "https://files.pythonhosted.org/packages/25/6e/d76e58384b378b877e140e25b9a9835da00035f81ff70cbe943a3749bf27/lxml-6.1.2-cp314-cp314-musllinux_1_2_aarch64.whl", hash = "sha256:2f3194777c0d05945ac91d8594be25d2679d1d826e01e1fc90bae568ff3a547b", size = 5089919, upload-time = "2026-08-19T05:01:33.602Z" },
    { url = "https://files.pythonhosted.org/packages/f3/b7/898013c0f8891481d0624ab3bd5dd8c8ff827232dfee2a5d1f8bf970a7cc/lxml-6.1.2-cp314-cp314-musllinux_1_2_armv7l.whl", hash = "sha256:1133bd969f2bfcc6b0c0cf7cdf5f2631e62b23fa2471ee8bd44f6ab73554ee9a", size = 4741972, upload-time = "2026-08-19T05:01:38.18Z" },
    { url = "https://files.pythonhosted.org/packages/c3/47/efb53c4d7b655831c03317a450d9da439b0829c61f34d9d4fe7c863445d6/lxml-6.1.2-cp314-cp314-musllinux_1_2_ppc64le.whl", hash = "sha256:1edca8f4a92b94e873093df959f141d388f2141fcad0c47598442fb4730ef57a", size = 5683241, upload-time = "2026-08-19T05:02:00.731Z" },
    { url = "https://files.pythonhosted.org/packages/da/0a/0ff36a584cbba14a71326ee8a5300694400f0b97927d1f90a87d95b17d4a/lxml-6.1.2-cp314-cp314-musllinux_1_2_riscv64.whl", hash = "sha256:8512b3775d68994dd1d6d533161e0a214f2ad9c634659d34a99c98e86c6c3d68", size = 5245892, upload-time = "2026-08-19T05:02:06.108Z" },
    { url = "https://files.pythonhosted.org/packages/8f/9e/303717a1aa56d4bd775c91936717d3c9e8d999a8e8b68b00979c4c1f93d0/lxml-6.1.2-cp314-cp314-musllinux_1_2_x86_64.whl", hash = "sha256:a5005c0c9e4d749a76a2ff8bd5918a8bb248df8e08e73a55654b9f79c9cd1e2b", size = 5269528, upload-time = "2026-08-19T05:02:09.883Z" },
    { url = "https://files.pythonhosted.org/packages/ad/c2/2ae7cb97089eb86bf0689516db3cf280a007b6145853d2a0235a1f01683d/lxml-6.1.2-cp314-cp314-win32.whl", hash = "sha256:e17e2c30e27f56da5551e7a425888b45f013e940b99ab07d125a1c33f77a4605", size = 3662743, upload-time = "2026-08-19T05:03:02.513Z" },
    { url = "https://files.pythonhosted.org/packages/77/13/a3d483230a09201e211ceb1aa208b1374d27d23b8b180d74dba14b30f6b3/lxml-6.1.2-cp314-cp314-win_amd64.whl", hash = "sha256:87e9673cd8a3445024fe38e7f91b55fa3428437eec9b7a7ff7d81979520c0d2d", size = 4073942, upload-time = "2026-08-19T05:03:04.864Z" },
    { url = "https://files.pythonhosted.org/packages/1c/f1/c1445d4b6ad7c51e39d4e2ebbf015a4880f5b297a4ab0e77e4d0e5b70110/lxml-6.1.2-cp314-cp314-win_arm64.whl", hash = "sha256:878e7c8ada8f92c52f13f35a2ab98ef0adf7fd0211d164fc2af589e4c3cfed63", size = 3749235, upload-time = "2026-08-19T05:03:07.239Z" },
    { url = "https://files.pythonhosted.org/packages/9d/eb/598c76f4ce19a67c635e86a46d880cc854f308f39a6f1fdf13bbb01813ec/lxml-6.1.2-cp314-cp314t-macosx_10_15_universal2.whl", hash = "sha256:94162456ed0a64fb1c06915df5bd06af4675ae3966d6048fcb73b0906e0e0222", size = 8860315, upload-time = "2026-08-19T05:02:14.39Z" },
    { url = "https://files.pythonhosted.org/packages/da/c7/1f9fac7b566a86ad0da13dcc0259164266469c0ad86744c740ccd5c2a081/lxml-6.1.2-cp314-cp314t-macosx_10_15_x86_64.whl", hash = "sha256:4b0fa7109b1d0bc1747d8241a0853e135eefb1c978685241b544c46937383efd", size = 4755176, upload-time = "2026-08-19T05:02:18.705Z" },
    { url = "https://files.pythonhosted.org/packages/3e/1b/cfda9307388d496e7eeb7493d9455896b8137ed95f51f3d6ae6ddcc14a47/lxml-6.1.2-cp314-cp314t-manylinux2014_aarch64.manylinux_2_17_aarch64.whl", hash = "sha256:604f4778632588d7c000e7e19430639dc12fca58b5b6e99edffba7631725ef0e", size = 4979444, upload-time = "2026-08-19T05:02:21.262Z" },
    { url = "https://files.pythonhosted.org/packages/e5/71/f732c8919c45b7f29acf443288c6e90036877a67bfeeb1acceb0fffa011b/lxml-6.1.2-cp314-cp314t-manylinux2014_x86_64.manylinux_2_17_x86_64.whl", hash = "sha256:5a096d6a5f96b776a5b020cb45c17c545effd2a3b6639e6fa97bc95537600923", size = 5115887, upload-time = "2026-08-19T05:02:23.62Z" },
    { url = "https://files.pythonhosted.org/packages/30/00/121d52b944f41e33ea86c62875f902d24982842dc7231ab154ac5a6c6593/lxml-6.1.2-cp314-cp314t-manylinux_2_26_aarch64.manylinux_2_28_aarch64.whl", hash = "sha256:6454d184d556eaf4cb3d6f69e405d21602d6fdcf08b8d57796824275986c6595", size = 5032418, upload-time = "2026-08-19T05:02:26.114Z" },
    { url = "https://files.pythonhosted.org/packages/70/19/cadb73c7fe48c7563dc8ab62ea53d5b920c8911bfb808507a6daa82e78d2/lxml-6.1.2-cp314-cp314t-manylinux_2_26_ppc64le.manylinux_2_28_ppc64le.whl", hash = "sha256:8b68f2548259bb04e0b3d5df0c397abe8b0080f5e1ffe4019fb7a8bf01a9339e", size = 5603304, upload-time = "2026-08-19T05:02:28.694Z" },
    { url = "https://files.pythonhosted.org/packages/13/32/9de126a14d5a5db8c371c5ec869178417db226707b62a47273a95ae6df7f/lxml-6.1.2-cp314-cp314t-manylinux_2_26_x86_64.manylinux_2_28_x86_64.whl", hash = "sha256:6c9cc4b6532abe154dbdebb42aaba8d52c852919591e45067f5b7d46a0405e88", size = 5228938, upload-time = "2026-08-19T05:02:30.99Z" },
    { url = "https://files.pythonhosted.org/packages/ff/9b/22dd9e843629ed04652591fb220eb2bf2394d97be3be377d60d8083405d7/lxml-6.1.2-cp314-cp314t-manylinux_2_28_i686.whl", hash = "sha256:57188e441ab24f906bd5a5c14eb55363ab51aa6c0de549f3dd320043721cc118", size = 5317790, upload-time = "2026-08-19T05:02:33.301Z" },
    { url = "https://files.pythonhosted.org/packages/2c/2c/b12a1dc121f81c280635c721c7bcaa341441fcbe37397f60b8915048aece/lxml-6.1.2-cp314-cp314t-manylinux_2_31_armv7l.whl", hash = "sha256:d0bfd719c254bbe60ea022cff0e6ffb799a6fa7d4d72852cebe0257957b32d68", size = 4646468, upload-time = "2026-08-19T05:02:35.504Z" },
    { url = "https://files.pythonhosted.org/packages/57/41/fd87a41edc531e7969c25ab1d6b52b5b041eb108b88f6394d6afb4374396/lxml-6.1.2-cp314-cp314t-manylinux_2_38_riscv64.manylinux_2_39_riscv64.whl", hash = "sha256:be6f87cd224254a8f81324e34cc655508b83f1d70458a1a39857ad2aa9925852", size = 5240607, upload-time = "2026-08-19T05:02:37.805Z" },
    { url = "https://files.pythonhosted.org/packages/6e/30/713ba813b6e6673c6dc34733746516017efcd17949b767b154cc50bccf20/lxml-6.1.2-cp314-cp314t-musllinux_1_2_aarch64.whl", hash = "sha256:074a88f70a7360a4a0c5be5d898062cd26f898c25b459efb1bdd43ae700c5a1a", size = 5086495, upload-time = "2026-08-19T05:02:40.099Z" },
    { url = "https://files.pythonhosted.org/packages/33/f8/6532ce0fecd9c326d06b08274ee075cc28dbc9f5e9285355db8504689114/lxml-6.1.2-cp314-cp314t-musllinux_1_2_armv7l.whl", hash = "sha256:9031f5f01452681abf39fdd65f84a70cb01a7572a1bbf570042e826b1232d07b", size = 4758801, upload-time = "2026-08-19T05:02:45.434Z" },
    { url = "https://files.pythonhosted.org/packages/74/b6/5a1f7833ebaa0dd33c28f6f9755ec6ff3891bf63f097634b44e6da1bb65e/lxml-6.1.2-cp314-cp314t-musllinux_1_2_ppc64le.whl", hash = "sha256:cfeac14425fc7a6fca7864b774d4ee63547926158f4a18c67d77b2c9a948acf1", size = 5626977, upload-time = "2026-08-19T05:02:48.092Z" },
    { url = "https://files.pythonhosted.org/packages/e6/20/6ae0fc1b45e20877cdcfb1168ceeaf9abb0fba5ed36bd639a260e7b2101e/lxml-6.1.2-cp314-cp314t-musllinux_1_2_riscv64.whl", hash = "sha256:8ec111ff8067325f85c08aa9c2b26179ec0537bb89c003fde31127139f85f82d", size = 5235036, upload-time = "2026-08-19T05:02:50.726Z" },
    { url = "https://files.pythonhosted.org/packages/47/b4/2bc7b37fbb990ccfb7d30393660741592177224a94e07d842c8da70638e8/lxml-6.1.2-cp314-cp314t-musllinux_1_2_x86_64.whl", hash = "sha256:48e912f37c99a297175ba955f55a47c0e1c834b506ef162e52a6e4fe276e6e45", size = 5252270, upload-time = "2026-08-19T05:02:53.454Z" },
    { url = "https://files.pythonhosted.org/packages/4d/0b/07fb8e1dee29a78e2c5fa5c6c914218be76a6406baff27907429566e90ec/lxml-6.1.2-cp314-cp314t-win32.whl", hash = "sha256:7c444c3a6e8e75334879980eed96568f0e12064c8b1913424eac1805e976736b", size = 3902666, upload-time = "2026-08-19T05:02:55.607Z" },
    { url = "https://files.pythonhosted.org/packages/58/ab/3371527bd9820aae6f511697c93032ed197b0d8dab0f17818f18d3099637/lxml-6.1.2-cp314-cp314t-win_amd64.whl", hash = "sha256:7f35ba7667004ecdafebbe08da7c9fa06ee6195275bb7ef7a29ee1901e69519c", size = 4401011, upload-time = "2026-08-19T05:02:57.899Z" },
    { url = "https://files.pythonhosted.org/packages/e6/bb/e6de9b2546a4e6df4fb52fb18921906a8b7a041aba06570995759a4d6d8b/lxml-6.1.2-cp314-cp314t-win_arm64.whl", hash = "sha256:d117f39b28ab8a330a74abdbe61c2255b51973b238db25fd6c2448de1eb2a02d", size = 3823384, upload-time = "2026-08-19T05:03:00.371Z" },
]

[[package]]
name = "pydantic"
version = "2.13.4"
source = { registry = "https://pypi.org/simple" }
dependencies = [
    { name = "annotated-types" },
    { name = "pydantic-core" },
    { name = "typing-extensions" },
    { name = "typing-inspection" },
]
sdist = { url = "https://files.pythonhosted.org/packages/18/a5/b60d21ac674192f8ab0ba4e9fd860690f9b4a6e51ca5df118733b487d8d6/pydantic-2.13.4.tar.gz", hash = "sha256:c40756b57adaa8b1efeeced5c196f3f3b7c435f90e84ea7f443901bec8099ef6", size = 844775, upload-time = "2026-05-06T13:43:05.343Z" }
wheels = [
    { url = "https://files.pythonhosted.org/packages/fd/7b/122376b1fd3c62c1ed9dc80c931ace4844b3c55407b6fb2d199377c9736f/pydantic-2.13.4-py3-none-any.whl", hash = "sha256:45a282cde31d808236fd7ea9d919b128653c8b38b393d1c4ab335c62924d9aba", size = 472262, upload-time = "2026-05-06T13:43:02.641Z" },
]

[[package]]
name = "pydantic-core"
version = "2.46.4"
source = { registry = "https://pypi.org/simple" }
dependencies = [
    { name = "typing-extensions" },
]
sdist = { url = "https://files.pythonhosted.org/packages/9d/56/921726b776ace8d8f5db44c4ef961006580d91dc52b803c489fafd1aa249/pydantic_core-2.46.4.tar.gz", hash = "sha256:62f875393d7f270851f20523dd2e29f082bcc82292d66db2b64ea71f64b6e1c1", size = 471464, upload-time = "2026-05-06T13:37:06.98Z" }
wheels = [
    { url = "https://files.pythonhosted.org/packages/8d/74/228a26ddad29c6672b805d9fd78e8d251cd04004fa7eed0e622096cd0250/pydantic_core-2.46.4-cp314-cp314-macosx_10_12_x86_64.whl", hash = "sha256:428e04521a40150c85216fc8b85e8d39fece235a9cf5e383761238c7fa9b96fb", size = 2102079, upload-time = "2026-05-06T13:38:41.019Z" },
    { url = "https://files.pythonhosted.org/packages/ad/1f/8970b150a4b4365623ae00fc88603491f763c627311ae8031e3111356d6e/pydantic_core-2.46.4-cp314-cp314-macosx_11_0_arm64.whl", hash = "sha256:23ace664830ee0bfe014a0c7bc248b1f7f25ed7ad103852c317624a1083af462", size = 1952179, upload-time = "2026-05-06T13:36:59.812Z" },
    { url = "https://files.pythonhosted.org/packages/95/30/5211a831ae054928054b2f79731661087a2bc5c01e825c672b3a4a8f1b3e/pydantic_core-2.46.4-cp314-cp314-manylinux_2_17_aarch64.manylinux2014_aarch64.whl", hash = "sha256:ce5c1d2a8b27468f433ca974829c44060b8097eedc39933e3c206a90ee49c4a9", size = 1978926, upload-time = "2026-05-06T13:37:39.933Z" },
    { url = "https://files.pythonhosted.org/packages/57/e9/689668733b1eb67adeef047db3c2e8788fcf65a7fd9c9e2b46b7744fe245/pydantic_core-2.46.4-cp314-cp314-manylinux_2_17_armv7l.manylinux2014_armv7l.whl", hash = "sha256:7283d57845ecf5a163403eb0702dfc220cc4fbdd18919cb5ccea4f95ee1cdab4", size = 2046785, upload-time = "2026-05-06T13:38:01.995Z" },
    { url = "https://files.pythonhosted.org/packages/60/d9/6715260422ff50a2109878fd24d948a6c3446bb2664f34ee78cd972b3acd/pydantic_core-2.46.4-cp314-cp314-manylinux_2_17_ppc64le.manylinux2014_ppc64le.whl", hash = "sha256:8daafc69c93ee8a0204506a3b6b30f586ef54028f52aeeeb5c4cfc5184fd5914", size = 2228733, upload-time = "2026-05-06T13:40:50.371Z" },
    { url = "https://files.pythonhosted.org/packages/18/ae/fdb2f64316afca925640f8e70bb1a564b0ec2721c1389e25b8eb4bf9a299/pydantic_core-2.46.4-cp314-cp314-manylinux_2_17_s390x.manylinux2014_s390x.whl", hash = "sha256:cd2213145bcc2ba85884d0ac63d222fece9209678f77b9b4d76f054c561adb28", size = 2307534, upload-time = "2026-05-06T13:37:21.531Z" },
    { url = "https://files.pythonhosted.org/packages/89/1d/8eff589b45bb8190a9d12c49cfad0f176a5cbd1534908a6b5125e2886239/pydantic_core-2.46.4-cp314-cp314-manylinux_2_17_x86_64.manylinux2014_x86_64.whl", hash = "sha256:7a5f930472650a82629163023e630d160863fce524c616f4e5186e5de9d9a49b", size = 2099732, upload-time = "2026-05-06T13:39:31.942Z" },
    { url = "https://files.pythonhosted.org/packages/06/d5/ee5a3366637fee41dee51a1fc91562dcf12ddbc68fda34e6b253da2324bb/pydantic_core-2.46.4-cp314-cp314-manylinux_2_31_riscv64.whl", hash = "sha256:c1b3f518abeca3aa13c712fd202306e145abf59a18b094a6bafb2d2bbf59192c", size = 2129627, upload-time = "2026-05-06T13:37:25.033Z" },
    { url = "https://files.pythonhosted.org/packages/94/33/2414be571d2c6a6c4d08be21f9292b6d3fdb08949a97b6dfe985017821db/pydantic_core-2.46.4-cp314-cp314-manylinux_2_5_i686.manylinux1_i686.whl", hash = "sha256:1a7dd0b3ee80d90150e3495a3a13ac34dbcbfd4f012996a6a1d8900e91b5c0fb", size = 2179141, upload-time = "2026-05-06T13:37:14.046Z" },
    { url = "https://files.pythonhosted.org/packages/7b/79/7daa95be995be0eecc4cf75064cb33f9bbbfe3fe0158caf2f0d4a996a5c7/pydantic_core-2.46.4-cp314-cp314-musllinux_1_1_aarch64.whl", hash = "sha256:3fb702cd90b0446a3a1c5e470bfa0dd23c0233b676a9099ddcc964fa6ca13898", size = 2184325, upload-time = "2026-05-06T13:36:53.615Z" },
    { url = "https://files.pythonhosted.org/packages/9f/cb/d0a382f5c0de8a222dc61c65348e0ce831b1f68e0a018450d31c2cace3a5/pydantic_core-2.46.4-cp314-cp314-musllinux_1_1_armv7l.whl", hash = "sha256:b8458003118a712e66286df6a707db01c52c0f52f7db8e4a38f0da1d3b94fc4e", size = 2323990, upload-time = "2026-05-06T13:40:29.971Z" },
    { url = "https://files.pythonhosted.org/packages/05/db/d9ba624cc4a5aced1598e88c04fdbd8310c8a69b9d38b9a3d39ce3a61ed7/pydantic_core-2.46.4-cp314-cp314-musllinux_1_1_x86_64.whl", hash = "sha256:372429a130e469c9cd698925ce5fc50940b7a1336b0d82038e63d5bbc4edc519", size = 2369978, upload-time = "2026-05-06T13:37:23.027Z" },
    { url = "https://files.pythonhosted.org/packages/f2/20/d15df15ba918c423461905802bfd2981c3af0bfa0e40d05e13edbfa48bc3/pydantic_core-2.46.4-cp314-cp314-win32.whl", hash = "sha256:85bb3611ff1802f3ee7fdd7dbff26b56f343fb432d57a4728fdd49b6ef35e2f4", size = 1966354, upload-time = "2026-05-06T13:38:03.499Z" },
    { url = "https://files.pythonhosted.org/packages/fc/b6/6b8de4c0a7d7ab3004c439c80c5c1e0a3e8d78bbae19379b01960383d9e5/pydantic_core-2.46.4-cp314-cp314-win_amd64.whl", hash = "sha256:811ff8e9c313ab425368bcbb36e5c4ebd7108c2bbf4e4089cfbb0b01eff63fac", size = 2072238, upload-time = "2026-05-06T13:39:40.807Z" },
    { url = "https://files.pythonhosted.org/packages/32/36/51eb763beec1f4cf59b1db243a7dcc39cbb41230f050a09b9d69faaf0a48/pydantic_core-2.46.4-cp314-cp314-win_arm64.whl", hash = "sha256:bfec22eab3c8cc2ceec0248aec886624116dc079afa027ecc8ad4a7e62010f8a", size = 2018251, upload-time = "2026-05-06T13:37:26.72Z" },
    { url = "https://files.pythonhosted.org/packages/e8/91/855af51d625b23aa987116a19e231d2aaef9c4a415273ddc189b79a45fee/pydantic_core-2.46.4-cp314-cp314t-macosx_10_12_x86_64.whl", hash = "sha256:af8244b2bef6aaad6d92cda81372de7f8c8d36c9f0c3ea36e827c60e7d9467a0", size = 2099593, upload-time = "2026-05-06T13:39:47.682Z" },
    { url = "https://files.pythonhosted.org/packages/fb/1b/8784a54c65edb5f49f0a14d6977cf1b209bba85a4c77445b255c2de58ab3/pydantic_core-2.46.4-cp314-cp314t-macosx_11_0_arm64.whl", hash = "sha256:5a4330cdbc57162e4b3aa303f588ba752257694c9c9be3e7ebb11b4aca659b5d", size = 1935226, upload-time = "2026-05-06T13:40:40.428Z" },
    { url = "https://files.pythonhosted.org/packages/e8/e7/1955d28d1afc56dd4b3ad7cc0cf39df1b9852964cf16e5d13912756d6d6b/pydantic_core-2.46.4-cp314-cp314t-manylinux_2_17_aarch64.manylinux2014_aarch64.whl", hash = "sha256:29c61fc04a3d840155ff08e475a04809278972fe6aef51e2720554e96367e34b", size = 1974605, upload-time = "2026-05-06T13:37:32.029Z" },
    { url = "https://files.pythonhosted.org/packages/93/e2/3fedbf0ba7a22850e6e9fd78117f1c0f10f950182344d8a6c535d468fdd8/pydantic_core-2.46.4-cp314-cp314t-manylinux_2_17_armv7l.manylinux2014_armv7l.whl", hash = "sha256:c50f2528cf200c5eed56faf3f4e22fcd5f38c157a8b78576e6ba3168ec35f000", size = 2030777, upload-time = "2026-05-06T13:38:55.239Z" },
    { url = "https://files.pythonhosted.org/packages/f8/61/46be275fcaaba0b4f5b9669dd852267ce1ff616592dccf7a7845588df091/pydantic_core-2.46.4-cp314-cp314t-manylinux_2_17_ppc64le.manylinux2014_ppc64le.whl", hash = "sha256:0cbe8b01f948de4286c74cdd6c667aceb38f5c1e26f0693b3983d9d74887c65e", size = 2236641, upload-time = "2026-05-06T13:37:08.096Z" },
    { url = "https://files.pythonhosted.org/packages/60/db/12e93e46a8bac9988be3c016860f83293daea8c716c029c9ace279036f2f/pydantic_core-2.46.4-cp314-cp314t-manylinux_2_17_s390x.manylinux2014_s390x.whl", hash = "sha256:617d7e2ca7dcb8c5cf6bcb8c59b8832c94b36196bbf1cbd1bfb56ed341905edd", size = 2286404, upload-time = "2026-05-06T13:40:20.221Z" },
    { url = "https://files.pythonhosted.org/packages/e2/4a/4d8b19008f38d31c53b8219cfedc2e3d5de5fe99d90076b7e767de29274f/pydantic_core-2.46.4-cp314-cp314t-manylinux_2_17_x86_64.manylinux2014_x86_64.whl", hash = "sha256:7027560ee92211647d0d34e3f7cd6f50da56399d26a9c8ad0da286d3869a53f3", size = 2109219, upload-time = "2026-05-06T13:38:12.153Z" },
    { url = "https://files.pythonhosted.org/packages/88/70/3cbc40978fefb7bb09c6708d40d4ad1a5d70fd7213c3d17f971de868ec1f/pydantic_core-2.46.4-cp314-cp314t-manylinux_2_31_riscv64.whl", hash = "sha256:f99626688942fb746e545232e7726926f3be91b5975f8b55327665fafda991c7", size = 2110594, upload-time = "2026-05-06T13:40:02.971Z" },
    { url = "https://files.pythonhosted.org/packages/9d/20/b8d36736216e29491125531685b2f9e61aa5b4b2599893f8268551da3338/pydantic_core-2.46.4-cp314-cp314t-manylinux_2_5_i686.manylinux1_i686.whl", hash = "sha256:fc3e9034a63de20e15e8ade85358bc6efc614008cab72898b4b4952bea0509ff", size = 2159542, upload-time = "2026-05-06T13:39:27.506Z" },
    { url = "https://files.pythonhosted.org/packages/1d/a2/367df868eb584dacf6bf82a389272406d7178e301c4ac82545ab98bc2dd9/pydantic_core-2.46.4-cp314-cp314t-musllinux_1_1_aarch64.whl", hash = "sha256:97e7cf2be5c77b7d1a9713a05605d49460d02c6078d38d8bef3cbe323c548424", size = 2168146, upload-time = "2026-05-06T13:38:31.93Z" },
    { url = "https://files.pythonhosted.org/packages/c1/b8/4460f77f7e201893f649a29ab355dddd3beee8a97bcb1a320db414f9a06e/pydantic_core-2.46.4-cp314-cp314t-musllinux_1_1_armv7l.whl", hash = "sha256:3bf92c5d0e00fefaab325a4d27828fe6b6e2a21848686b5b60d2d9eeb09d76c6", size = 2306309, upload-time = "2026-05-06T13:37:44.717Z" },
    { url = "https://files.pythonhosted.org/packages/64/c4/be2639293acd87dc8ddbcec41a73cee9b2ebf996fe6d892a1a74e88ad3f7/pydantic_core-2.46.4-cp314-cp314t-musllinux_1_1_x86_64.whl", hash = "sha256:3ecbc122d18468d06ca279dc26a8c2e2d5acb10943bb35e36ae92096dc3b5565", size = 2369736, upload-time = "2026-05-06T13:37:05.645Z" },
    { url = "https://files.pythonhosted.org/packages/30/a6/9f9f380dbb301f67023bf8f707aaa75daadf84f7152d95c410fd7e81d994/pydantic_core-2.46.4-cp314-cp314t-win32.whl", hash = "sha256:e846ae7835bf0703ae43f534ab79a867146dadd59dc9ca5c8b53d5c8f7c9ef02", size = 1955575, upload-time = "2026-05-06T13:38:51.116Z" },
    { url = "https://files.pythonhosted.org/packages/40/1f/f1eb9eb350e795d1af8586289746f5c5677d16043040d63710e22abc43c9/pydantic_core-2.46.4-cp314-cp314t-win_amd64.whl", hash = "sha256:2108ba5c1c1eca18030634489dc544844144ee36357f2f9f780b93e7ddbb44b5", size = 2051624, upload-time = "2026-05-06T13:38:21.672Z" },
    { url = "https://files.pythonhosted.org/packages/f6/d2/42dd53d0a85c27606f316d3aa5d2869c4e8470a5ed6dec30e4a1abe19192/pydantic_core-2.46.4-cp314-cp314t-win_arm64.whl", hash = "sha256:4fcbe087dbc2068af7eda3aa87634eba216dbda64d1ae73c8684b621d33f6596", size = 2017325, upload-time = "2026-05-06T13:40:52.723Z" },
]

[[package]]
name = "typing-extensions"
version = "4.16.0"
source = { registry = "https://pypi.org/simple" }
sdist = { url = "https://files.pythonhosted.org/packages/f6/cc/6253133b5bb138fc3306cebfbda2c520f545d36b5be2c7255cc528bb45d6/typing_extensions-4.16.0.tar.gz", hash = "sha256:dc983d19a509c94dba722ee6abd33940f7c05a89e243c47e907eb4db6f1a43e5", size = 113555, upload-time = "2026-07-02T08:40:05.92Z" }
wheels = [
    { url = "https://files.pythonhosted.org/packages/49/d3/b8441a820a491ddfc024b0b0cf0393375b75ea13866d9c66727e54c2fc80/typing_extensions-4.16.0-py3-none-any.whl", hash = "sha256:481caa481374e813c1b176ada14e97f1f67a4539ce9cfeb3f350d78d6370c2e8", size = 45571, upload-time = "2026-07-02T08:40:04.659Z" },
]

[[package]]
name = "typing-inspection"
version = "0.4.4"
source = { registry = "https://pypi.org/simple" }
dependencies = [
    { name = "typing-extensions" },
]
sdist = { url = "https://files.pythonhosted.org/packages/a3/26/b09b8010994eccc3c09092e6b34058f36a460eea2d4c3e8b910c695975a0/typing_inspection-0.4.4.tar.gz", hash = "sha256:547274fa6b0a561ccf549cc9524b999a578e737d015d8709d021f9d0d13bea47", size = 76928, upload-time = "2026-08-12T12:37:25.997Z" }
wheels = [
    { url = "https://files.pythonhosted.org/packages/67/81/4add07e5172b7ac40d8ed5ff580409a7801a4fe26d529bdd915401dabfbe/typing_inspection-0.4.4-py3-none-any.whl", hash = "sha256:65b8397ba37ccbce054456aaccddfc91e6e3083c92824df348d96ca832f3f147", size = 14750, upload-time = "2026-08-12T12:37:24.648Z" },
]
